# THIS IS AN AUTOGENERATED FILE. DO NOT EDIT THIS FILE DIRECTLY.
# yarn lockfile v1


"@kurkle/color@^0.3.0":
  version "0.3.2"
  resolved "https://registry.yarnpkg.com/@kurkle/color/-/color-0.3.2.tgz#5acd38242e8bde4f9986e7913c8fdf49d3aa199f"
  integrity sha512-fuscdXJ9G1qb7W8VdHi+IwRqij3lBkosAm4ydQtEmbY58OzHXqQhvlxqEkoz0yssNVn38bcpRWgA9PP+OGoisw==

chart.js@^4.4.3:
  version "4.4.3"
  resolved "https://registry.yarnpkg.com/chart.js/-/chart.js-4.4.3.tgz#3b2e11e7010fefa99b07d0349236f5098e5226ad"
  integrity sha512-qK1gkGSRYcJzqrrzdR6a+I0vQ4/R+SoODXyAjscQ/4mzuNzySaMCd+hyVxitSY1+L2fjPD1Gbn+ibNqRmwQeLw==
  dependencies:
    "@kurkle/color" "^0.3.0"
